
Microsoft Visual Studio Solution File, Format Version 12.00
# Visual Studio Version 17
VisualStudioVersion = 17.8.34525.116
MinimumVisualStudioVersion = 10.0.40219.1
Project("{FAE04EC0-301F-11D3-BF4B-00C04F79EFBC}") = "AuthService", "AuthService\AuthService.csproj", "{6719C627-BAE9-4ADA-84AA-119A4920A22D}"
EndProject
Global
	GlobalSection(SolutionConfigurationPlatforms) = preSolution
		Debug|Any CPU = Debug|Any CPU
		Release|Any CPU = Release|Any CPU
	EndGlobalSection
	GlobalSection(ProjectConfigurationPlatforms) = postSolution
		{6719C627-BAE9-4ADA-84AA-119A4920A22D}.Debug|Any CPU.ActiveCfg = Debug|Any CPU
		{6719C627-BAE9-4ADA-84AA-119A4920A22D}.Debug|Any CPU.Build.0 = Debug|Any CPU
		{6719C627-BAE9-4ADA-84AA-119A4920A22D}.Release|Any CPU.ActiveCfg = Release|Any CPU
		{6719C627-BAE9-4ADA-84AA-119A4920A22D}.Release|Any CPU.Build.0 = Release|Any CPU
	EndGlobalSection
	GlobalSection(SolutionProperties) = preSolution
		HideSolutionNode = FALSE
	EndGlobalSection
	GlobalSection(ExtensibilityGlobals) = postSolution
		SolutionGuid = {33EB3F00-BC7D-4550-9AD2-6780E16CFD91}
	EndGlobalSection
EndGlobal
